{
  "name": "the-public-trust-twitter-auto",
  "version": "1.0.0",
  "lockfileVersion": 3,
  "requires": true,
  "packages": {
    "": {
      "name": "the-public-trust-twitter-auto",
      "version": "1.0.0",
      "dependencies": {
        "node-fetch": "^2.6.7"
      }
    },
    "node_modules/node-fetch": {
      "version": "2.6.7",
      "resolved": "https://registry.npmjs.org/node-fetch/-/node-fetch-2.6.7.tgz",
      "integrity": "sha512-ZQmQbSJ+QjvHh6vFyLtXDQN4n+bZNeC3cl2d6q3C2Zf/b38a7vCTm+37XpT+DCveAwd/SUQ1aO3/h5yB2wXw==",
      "engines": {
        "node": ">=4"
      }
    }
  }
}
